
Microsoft Visual Studio Solution File, Format Version 12.00
# Visual Studio Version 17
VisualStudioVersion = 17.3.32929.385
MinimumVisualStudioVersion = 10.0.40219.1
Project("{9A19103F-16F7-4668-BE54-9A1E7A4F7556}") = "Database-Design-FinalProject", "Database-Design-FinalProject\Database-Design-FinalProject.csproj", "{3C1A2813-0F8A-4810-817B-300096133926}"
EndProject
Global
	GlobalSection(SolutionConfigurationPlatforms) = preSolution
		Debug|Any CPU = Debug|Any CPU
		Release|Any CPU = Release|Any CPU
	EndGlobalSection
	GlobalSection(ProjectConfigurationPlatforms) = postSolution
		{3C1A2813-0F8A-4810-817B-300096133926}.Debug|Any CPU.ActiveCfg = Debug|Any CPU
		{3C1A2813-0F8A-4810-817B-300096133926}.Debug|Any CPU.Build.0 = Debug|Any CPU
		{3C1A2813-0F8A-4810-817B-300096133926}.Release|Any CPU.ActiveCfg = Release|Any CPU
		{3C1A2813-0F8A-4810-817B-300096133926}.Release|Any CPU.Build.0 = Release|Any CPU
	EndGlobalSection
	GlobalSection(SolutionProperties) = preSolution
		HideSolutionNode = FALSE
	EndGlobalSection
	GlobalSection(ExtensibilityGlobals) = postSolution
		SolutionGuid = {88F28301-9EAA-4493-8E19-F86247E289D5}
	EndGlobalSection
EndGlobal
